// !$*UTF8*$!
{
	archiveVersion = 1;
	classes = {
	};
	objectVersion = 50;
	objects = {

/* Begin PBXBuildFile section */
		64E0263C243D80DF0062AE15 /* AppDelegate.swift in Sources */ = {isa = PBXBuildFile; fileRef = 64E0263B243D80DF0062AE15 /* AppDelegate.swift */; };
		64E0263E243D80DF0062AE15 /* SceneDelegate.swift in Sources */ = {isa = PBXBuildFile; fileRef = 64E0263D243D80DF0062AE15 /* SceneDelegate.swift */; };
		64E02643243D80DF0062AE15 /* Main.storyboard in Resources */ = {isa = PBXBuildFile; fileRef = 64E02641243D80DF0062AE15 /* Main.storyboard */; };
		64E02645243D80E20062AE15 /* Assets.xcassets in Resources */ = {isa = PBXBuildFile; fileRef = 64E02644243D80E20062AE15 /* Assets.xcassets */; };
		64E02648243D80E20062AE15 /* LaunchScreen.storyboard in Resources */ = {isa = PBXBuildFile; fileRef = 64E02646243D80E20062AE15 /* LaunchScreen.storyboard */; };
		64E02653243D80E20062AE15 /* practiceCalculatorTests.swift in Sources */ = {isa = PBXBuildFile; fileRef = 64E02652243D80E20062AE15 /* practiceCalculatorTests.swift */; };
		64E0265E243E631C0062AE15 /* CalculatorViewController.swift in Sources */ = {isa = PBXBuildFile; fileRef = 64E0265D243E631C0062AE15 /* CalculatorViewController.swift */; };
/* End PBXBuildFile section */

/* Begin PBXContainerItemProxy section */
		64E0264F243D80E20062AE15 /* PBXContainerItemProxy */ = {
			isa = PBXContainerItemProxy;
			containerPortal = 64E02630243D80DF0062AE15 /* Project object */;
			proxyType = 1;
			remoteGlobalIDString = 64E02637243D80DF0062AE15;
			remoteInfo = practiceCalculator;
		};
/* End PBXContainerItemProxy section */

/* Begin PBXFileReference section */
		64E02638243D80DF0062AE15 /* practiceCalculator.app */ = {isa = PBXFileReference; explicitFileType = wrapper.application; includeInIndex = 0; path = practiceCalculator.app; sourceTree = BUILT_PRODUCTS_DIR; };
		64E0263B243D80DF0062AE15 /* AppDelegate.swift */ = {isa = PBXFileReference; lastKnownFileType = sourcecode.swift; path = AppDelegate.swift; sourceTree = "<group>"; };
		64E0263D243D80DF0062AE15 /* SceneDelegate.swift */ = {isa = PBXFileReference; lastKnownFileType = sourcecode.swift; path = SceneDelegate.swift; sourceTree = "<group>"; };
		64E02642243D80DF0062AE15 /* Base */ = {isa = PBXFileReference; lastKnownFileType = file.storyboard; name = Base; path = Base.lproj/Main.storyboard; sourceTree = "<group>"; };
		64E02644243D80E20062AE15 /* Assets.xcassets */ = {isa = PBXFileReference; lastKnownFileType = folder.assetcatalog; path = Assets.xcassets; sourceTree = "<group>"; };
		64E02647243D80E20062AE15 /* Base */ = {isa = PBXFileReference; lastKnownFileType = file.storyboard; name = Base; path = Base.lproj/LaunchScreen.storyboard; sourceTree = "<group>"; };
		64E02649243D80E20062AE15 /* Info.plist */ = {isa = PBXFileReference; lastKnownFileType = text.plist.xml; path = Info.plist; sourceTree = "<group>"; };
		64E0264E243D80E20062AE15 /* practiceCalculatorTests.xctest */ = {isa = PBXFileReference; explicitFileType = wrapper.cfbundle; includeInIndex = 0; path = practiceCalculatorTests.xctest; sourceTree = BUILT_PRODUCTS_DIR; };
		64E02652243D80E20062AE15 /* practiceCalculatorTests.swift */ = {isa = PBXFileReference; lastKnownFileType = sourcecode.swift; path = practiceCalculatorTests.swift; sourceTree = "<group>"; };
		64E02654243D80E20062AE15 /* Info.plist */ = {isa = PBXFileReference; lastKnownFileType = text.plist.xml; path = Info.plist; sourceTree = "<group>"; };
		64E0265D243E631C0062AE15 /* CalculatorViewController.swift */ = {isa = PBXFileReference; lastKnownFileType = sourcecode.swift; path = CalculatorViewController.swift; sourceTree = "<group>"; };
/* End PBXFileReference section */

/* Begin PBXFrameworksBuildPhase section */
		64E02635243D80DF0062AE15 /* Frameworks */ = {
			isa = PBXFrameworksBuildPhase;
			buildActionMask = 2147483647;
			files = (
			);
			runOnlyForDeploymentPostprocessing = 0;
		};
		64E0264B243D80E20062AE15 /* Frameworks */ = {
			isa = PBXFrameworksBuildPhase;
			buildActionMask = 2147483647;
			files = (
			);
			runOnlyForDeploymentPostprocessing = 0;
		};
/* End PBXFrameworksBuildPhase section */

/* Begin PBXGroup section */
		64E0262F243D80DF0062AE15 = {
			isa = PBXGroup;
			children = (
				64E0263A243D80DF0062AE15 /* practiceCalculator */,
				64E02651243D80E20062AE15 /* practiceCalculatorTests */,
				64E02639243D80DF0062AE15 /* Products */,
			);
			sourceTree = "<group>";
		};
		64E02639243D80DF0062AE15 /* Products */ = {
			isa = PBXGroup;
			children = (
				64E02638243D80DF0062AE15 /* practiceCalculator.app */,
				64E0264E243D80E20062AE15 /* practiceCalculatorTests.xctest */,
			);
			name = Products;
			sourceTree = "<group>";
		};
		64E0263A243D80DF0062AE15 /* practiceCalculator */ = {
			isa = PBXGroup;
			children = (
				64E0263B243D80DF0062AE15 /* AppDelegate.swift */,
				64E0263D243D80DF0062AE15 /* SceneDelegate.swift */,
				64E0265D243E631C0062AE15 /* CalculatorViewController.swift */,
				64E02641243D80DF0062AE15 /* Main.storyboard */,
				64E02644243D80E20062AE15 /* Assets.xcassets */,
				64E02646243D80E20062AE15 /* LaunchScreen.storyboard */,
				64E02649243D80E20062AE15 /* Info.plist */,
			);
			path = practiceCalculator;
			sourceTree = "<group>";
		};
		64E02651243D80E20062AE15 /* practiceCalculatorTests */ = {
			isa = PBXGroup;
			children = (
				64E02652243D80E20062AE15 /* practiceCalculatorTests.swift */,
				64E02654243D80E20062AE15 /* Info.plist */,
			);
			path = practiceCalculatorTests;
			sourceTree = "<group>";
		};
/* End PBXGroup section */

/* Begin PBXNativeTarget section */
		64E02637243D80DF0062AE15 /* practiceCalculator */ = {
			isa = PBXNativeTarget;
			buildConfigurationList = 64E02657243D80E20062AE15 /* Build configuration list for PBXNativeTarget "practiceCalculator" */;
			buildPhases = (
				64E02634243D80DF0062AE15 /* Sources */,
				64E02635243D80DF0062AE15 /* Frameworks */,
				64E02636243D80DF0062AE15 /* Resources */,
			);
			buildRules = (
			);
			dependencies = (
			);
			name = practiceCalculator;
			productName = practiceCalculator;
			productReference = 64E02638243D80DF0062AE15 /* practiceCalculator.app */;
			productType = "com.apple.product-type.application";
		};
		64E0264D243D80E20062AE15 /* practiceCalculatorTests */ = {
			isa = PBXNativeTarget;
			buildConfigurationList = 64E0265A243D80E20062AE15 /* Build configuration list for PBXNativeTarget "practiceCalculatorTests" */;
			buildPhases = (
				64E0264A243D80E20062AE15 /* Sources */,
				64E0264B243D80E20062AE15 /* Frameworks */,
				64E0264C243D80E20062AE15 /* Resources */,
			);
			buildRules = (
			);
			dependencies = (
				64E02650243D80E20062AE15 /* PBXTargetDependency */,
			);
			name = practiceCalculatorTests;
			productName = practiceCalculatorTests;
			productReference = 64E0264E243D80E20062AE15 /* practiceCalculatorTests.xctest */;
			productType = "com.apple.product-type.bundle.unit-test";
		};
/* End PBXNativeTarget section */

/* Begin PBXProject section */
		64E02630243D80DF0062AE15 /* Project object */ = {
			isa = PBXProject;
			attributes = {
				LastSwiftUpdateCheck = 1130;
				LastUpgradeCheck = 1130;
				ORGANIZATIONNAME = "hildy abreu";
				TargetAttributes = {
					64E02637243D80DF0062AE15 = {
						CreatedOnToolsVersion = 11.3.1;
					};
					64E0264D243D80E20062AE15 = {
						CreatedOnToolsVersion = 11.3.1;
						TestTargetID = 64E02637243D80DF0062AE15;
					};
				};
			};
			buildConfigurationList = 64E02633243D80DF0062AE15 /* Build configuration list for PBXProject "practiceCalculator" */;
			compatibilityVersion = "Xcode 9.3";
			developmentRegion = en;
			hasScannedForEncodings = 0;
			knownRegions = (
				en,
				Base,
			);
			mainGroup = 64E0262F243D80DF0062AE15;
			productRefGroup = 64E02639243D80DF0062AE15 /* Products */;
			projectDirPath = "";
			projectRoot = "";
			targets = (
				64E02637243D80DF0062AE15 /* practiceCalculator */,
				64E0264D243D80E20062AE15 /* practiceCalculatorTests */,
			);
		};
/* End PBXProject section */

/* Begin PBXResourcesBuildPhase section */
		64E02636243D80DF0062AE15 /* Resources */ = {
			isa = PBXResourcesBuildPhase;
			buildActionMask = 2147483647;
			files = (
				64E02648243D80E20062AE15 /* LaunchScreen.storyboard in Resources */,
				64E02645243D80E20062AE15 /* Assets.xcassets in Resources */,
				64E02643243D80DF0062AE15 /* Main.storyboard in Resources */,
			);
			runOnlyForDeploymentPostprocessing = 0;
		};
		64E0264C243D80E20062AE15 /* Resources */ = {
			isa = PBXResourcesBuildPhase;
			buildActionMask = 2147483647;
			files = (
			);
			runOnlyForDeploymentPostprocessing = 0;
		};
/* End PBXResourcesBuildPhase section */

/* Begin PBXSourcesBuildPhase section */
		64E02634243D80DF0062AE15 /* Sources */ = {
			isa = PBXSourcesBuildPhase;
			buildActionMask = 2147483647;
			files = (
				64E0263C243D80DF0062AE15 /* AppDelegate.swift in Sources */,
				64E0265E243E631C0062AE15 /* CalculatorViewController.swift in Sources */,
				64E0263E243D80DF0062AE15 /* SceneDelegate.swift in Sources */,
			);
			runOnlyForDeploymentPostprocessing = 0;
		};
		64E0264A243D80E20062AE15 /* Sources */ = {
			isa = PBXSourcesBuildPhase;
			buildActionMask = 2147483647;
			files = (
				64E02653243D80E20062AE15 /* practiceCalculatorTests.swift in Sources */,
			);
			runOnlyForDeploymentPostprocessing = 0;
		};
/* End PBXSourcesBuildPhase section */

/* Begin PBXTargetDependency section */
		64E02650243D80E20062AE15 /* PBXTargetDependency */ = {
			isa = PBXTargetDependency;
			target = 64E02637243D80DF0062AE15 /* practiceCalculator */;
			targetProxy = 64E0264F243D80E20062AE15 /* PBXContainerItemProxy */;
		};
/* End PBXTargetDependency section */

/* Begin PBXVariantGroup section */
		64E02641243D80DF0062AE15 /* Main.storyboard */ = {
			isa = PBXVariantGroup;
			children = (
				64E02642243D80DF0062AE15 /* Base */,
			);
			name = Main.storyboard;
			sourceTree = "<group>";
		};
		64E02646243D80E20062AE15 /* LaunchScreen.storyboard */ = {
			isa = PBXVariantGroup;
			children = (
				64E02647243D80E20062AE15 /* Base */,
			);
			name = LaunchScreen.storyboard;
			sourceTree = "<group>";
		};
/* End PBXVariantGroup section */

/* Begin XCBuildConfiguration section */
		64E02655243D80E20062AE15 /* Debug */ = {
			isa = XCBuildConfiguration;
			buildSettings = {
				ALWAYS_SEARCH_USER_PATHS = NO;
				CLANG_ANALYZER_NONNULL = YES;
				CLANG_ANALYZER_NUMBER_OBJECT_CONVERSION = YES_AGGRESSIVE;
				CLANG_CXX_LANGUAGE_STANDARD = "gnu++14";
				CLANG_CXX_LIBRARY = "libc++";
				CLANG_ENABLE_MODULES = YES;
				CLANG_ENABLE_OBJC_ARC = YES;
				CLANG_ENABLE_OBJC_WEAK = YES;
				CLANG_WARN_BLOCK_CAPTURE_AUTORELEASING = YES;
				CLANG_WARN_BOOL_CONVERSION = YES;
				CLANG_WARN_COMMA = YES;
				CLANG_WARN_CONSTANT_CONVERSION = YES;
				CLANG_WARN_DEPRECATED_OBJC_IMPLEMENTATIONS = YES;
				CLANG_WARN_DIRECT_OBJC_ISA_USAGE = YES_ERROR;
				CLANG_WARN_DOCUMENTATION_COMMENTS = YES;
				CLANG_WARN_EMPTY_BODY = YES;
				CLANG_WARN_ENUM_CONVERSION = YES;
				CLANG_WARN_INFINITE_RECURSION = YES;
				CLANG_WARN_INT_CONVERSION = YES;
				CLANG_WARN_NON_LITERAL_NULL_CONVERSION = YES;
				CLANG_WARN_OBJC_IMPLICIT_RETAIN_SELF = YES;
				CLANG_WARN_OBJC_LITERAL_CONVERSION = YES;
				CLANG_WARN_OBJC_ROOT_CLASS = YES_ERROR;
				CLANG_WARN_RANGE_LOOP_ANALYSIS = YES;
				CLANG_WARN_STRICT_PROTOTYPES = YES;
				CLANG_WARN_SUSPICIOUS_MOVE = YES;
				CLANG_WARN_UNGUARDED_AVAILABILITY = YES_AGGRESSIVE;
				CLANG_WARN_UNREACHABLE_CODE = YES;
				CLANG_WARN__DUPLICATE_METHOD_MATCH = YES;
				COPY_PHASE_STRIP = NO;
				DEBUG_INFORMATION_FORMAT = dwarf;
				ENABLE_STRICT_OBJC_MSGSEND = YES;
				ENABLE_TESTABILITY = YES;
				GCC_C_LANGUAGE_STANDARD = gnu11;
				GCC_DYNAMIC_NO_PIC = NO;
				GCC_NO_COMMON_BLOCKS = YES;
				GCC_OPTIMIZATION_LEVEL = 0;
				GCC_PREPROCESSOR_DEFINITIONS = (
					"DEBUG=1",
					"$(inherited)",
				);
				GCC_WARN_64_TO_32_BIT_CONVERSION = YES;
				GCC_WARN_ABOUT_RETURN_TYPE = YES_ERROR;
				GCC_WARN_UNDECLARED_SELECTOR = YES;
				GCC_WARN_UNINITIALIZED_AUTOS = YES_AGGRESSIVE;
				GCC_WARN_UNUSED_FUNCTION = YES;
				GCC_WARN_UNUSED_VARIABLE = YES;
				IPHONEOS_DEPLOYMENT_TARGET = 13.2;
				MTL_ENABLE_DEBUG_INFO = INCLUDE_SOURCE;
				MTL_FAST_MATH = YES;
				ONLY_ACTIVE_ARCH = YES;
				SDKROOT = iphoneos;
				SWIFT_ACTIVE_COMPILATION_CONDITIONS = DEBUG;
				SWIFT_OPTIMIZATION_LEVEL = "-Onone";
			};
			name = Debug;
		};
		64E02656243D80E20062AE15 /* Release */ = {
			isa = XCBuildConfiguration;
			buildSettings = {
				ALWAYS_SEARCH_USER_PATHS = NO;
				CLANG_ANALYZER_NONNULL = YES;
				CLANG_ANALYZER_NUMBER_OBJECT_CONVERSION = YES_AGGRESSIVE;
				CLANG_CXX_LANGUAGE_STANDARD = "gnu++14";
				CLANG_CXX_LIBRARY = "libc++";
				CLANG_ENABLE_MODULES = YES;
				CLANG_ENABLE_OBJC_ARC = YES;
				CLANG_ENABLE_OBJC_WEAK = YES;
				CLANG_WARN_BLOCK_CAPTURE_AUTORELEASING = YES;
				CLANG_WARN_BOOL_CONVERSION = YES;
				CLANG_WARN_COMMA = YES;
				CLANG_WARN_CONSTANT_CONVERSION = YES;
				CLANG_WARN_DEPRECATED_OBJC_IMPLEMENTATIONS = YES;
				CLANG_WARN_DIRECT_OBJC_ISA_USAGE = YES_ERROR;
				CLANG_WARN_DOCUMENTATION_COMMENTS = YES;
				CLANG_WARN_EMPTY_BODY = YES;
				CLANG_WARN_ENUM_CONVERSION = YES;
				CLANG_WARN_INFINITE_RECURSION = YES;
				CLANG_WARN_INT_CONVERSION = YES;
				CLANG_WARN_NON_LITERAL_NULL_CONVERSION = YES;
				CLANG_WARN_OBJC_IMPLICIT_RETAIN_SELF = YES;
				CLANG_WARN_OBJC_LITERAL_CONVERSION = YES;
				CLANG_WARN_OBJC_ROOT_CLASS = YES_ERROR;
				CLANG_WARN_RANGE_LOOP_ANALYSIS = YES;
				CLANG_WARN_STRICT_PROTOTYPES = YES;
				CLANG_WARN_SUSPICIOUS_MOVE = YES;
				CLANG_WARN_UNGUARDED_AVAILABILITY = YES_AGGRESSIVE;
				CLANG_WARN_UNREACHABLE_CODE = YES;
				CLANG_WARN__DUPLICATE_METHOD_MATCH = YES;
				COPY_PHASE_STRIP = NO;
				DEBUG_INFORMATION_FORMAT = "dwarf-with-dsym";
				ENABLE_NS_ASSERTIONS = NO;
				ENABLE_STRICT_OBJC_MSGSEND = YES;
				GCC_C_LANGUAGE_STANDARD = gnu11;
				GCC_NO_COMMON_BLOCKS = YES;
				GCC_WARN_64_TO_32_BIT_CONVERSION = YES;
				GCC_WARN_ABOUT_RETURN_TYPE = YES_ERROR;
				GCC_WARN_UNDECLARED_SELECTOR = YES;
				GCC_WARN_UNINITIALIZED_AUTOS = YES_AGGRESSIVE;
				GCC_WARN_UNUSED_FUNCTION = YES;
				GCC_WARN_UNUSED_VARIABLE = YES;
				IPHONEOS_DEPLOYMENT_TARGET = 13.2;
				MTL_ENABLE_DEBUG_INFO = NO;
				MTL_FAST_MATH = YES;
				SDKROOT = iphoneos;
				SWIFT_COMPILATION_MODE = wholemodule;
				SWIFT_OPTIMIZATION_LEVEL = "-O";
				VALIDATE_PRODUCT = YES;
			};
			name = Release;
		};
		64E02658243D80E20062AE15 /* Debug */ = {
			isa = XCBuildConfiguration;
			buildSettings = {
				ASSETCATALOG_COMPILER_APPICON_NAME = AppIcon;
				CODE_SIGN_STYLE = Automatic;
				INFOPLIST_FILE = practiceCalculator/Info.plist;
				LD_RUNPATH_SEARCH_PATHS = (
					"$(inherited)",
					"@executable_path/Frameworks",
				);
				PRODUCT_BUNDLE_IDENTIFIER = create.practiceCalculator;
				PRODUCT_NAME = "$(TARGET_NAME)";
				SWIFT_VERSION = 5.0;
				TARGETED_DEVICE_FAMILY = "1,2";
			};
			name = Debug;
		};
		64E02659243D80E20062AE15 /* Release */ = {
			isa = XCBuildConfiguration;
			buildSettings = {
				ASSETCATALOG_COMPILER_APPICON_NAME = AppIcon;
				CODE_SIGN_STYLE = Automatic;
				INFOPLIST_FILE = practiceCalculator/Info.plist;
				LD_RUNPATH_SEARCH_PATHS = (
					"$(inherited)",
					"@executable_path/Frameworks",
				);
				PRODUCT_BUNDLE_IDENTIFIER = create.practiceCalculator;
				PRODUCT_NAME = "$(TARGET_NAME)";
				SWIFT_VERSION = 5.0;
				TARGETED_DEVICE_FAMILY = "1,2";
			};
			name = Release;
		};
		64E0265B243D80E20062AE15 /* Debug */ = {
			isa = XCBuildConfiguration;
			buildSettings = {
				ALWAYS_EMBED_SWIFT_STANDARD_LIBRARIES = YES;
				BUNDLE_LOADER = "$(TEST_HOST)";
				CODE_SIGN_STYLE = Automatic;
				INFOPLIST_FILE = practiceCalculatorTests/Info.plist;
				IPHONEOS_DEPLOYMENT_TARGET = 13.2;
				LD_RUNPATH_SEARCH_PATHS = (
					"$(inherited)",
					"@executable_path/Frameworks",
					"@loader_path/Frameworks",
				);
				PRODUCT_BUNDLE_IDENTIFIER = create.practiceCalculatorTests;
				PRODUCT_NAME = "$(TARGET_NAME)";
				SWIFT_VERSION = 5.0;
				TARGETED_DEVICE_FAMILY = "1,2";
				TEST_HOST = "$(BUILT_PRODUCTS_DIR)/practiceCalculator.app/practiceCalculator";
			};
			name = Debug;
		};
		64E0265C243D80E20062AE15 /* Release */ = {
			isa = XCBuildConfiguration;
			buildSettings = {
				ALWAYS_EMBED_SWIFT_STANDARD_LIBRARIES = YES;
				BUNDLE_LOADER = "$(TEST_HOST)";
				CODE_SIGN_STYLE = Automatic;
				INFOPLIST_FILE = practiceCalculatorTests/Info.plist;
				IPHONEOS_DEPLOYMENT_TARGET = 13.2;
				LD_RUNPATH_SEARCH_PATHS = (
					"$(inherited)",
					"@executable_path/Frameworks",
					"@loader_path/Frameworks",
				);
				PRODUCT_BUNDLE_IDENTIFIER = create.practiceCalculatorTests;
				PRODUCT_NAME = "$(TARGET_NAME)";
				SWIFT_VERSION = 5.0;
				TARGETED_DEVICE_FAMILY = "1,2";
				TEST_HOST = "$(BUILT_PRODUCTS_DIR)/practiceCalculator.app/practiceCalculator";
			};
			name = Release;
		};
/* End XCBuildConfiguration section */

/* Begin XCConfigurationList section */
		64E02633243D80DF0062AE15 /* Build configuration list for PBXProject "practiceCalculator" */ = {
			isa = XCConfigurationList;
			buildConfigurations = (
				64E02655243D80E20062AE15 /* Debug */,
				64E02656243D80E20062AE15 /* Release */,
			);
			defaultConfigurationIsVisible = 0;
			defaultConfigurationName = Release;
		};
		64E02657243D80E20062AE15 /* Build configuration list for PBXNativeTarget "practiceCalculator" */ = {
			isa = XCConfigurationList;
			buildConfigurations = (
				64E02658243D80E20062AE15 /* Debug */,
				64E02659243D80E20062AE15 /* Release */,
			);
			defaultConfigurationIsVisible = 0;
			defaultConfigurationName = Release;
		};
		64E0265A243D80E20062AE15 /* Build configuration list for PBXNativeTarget "practiceCalculatorTests" */ = {
			isa = XCConfigurationList;
			buildConfigurations = (
				64E0265B243D80E20062AE15 /* Debug */,
				64E0265C243D80E20062AE15 /* Release */,
			);
			defaultConfigurationIsVisible = 0;
			defaultConfigurationName = Release;
		};
/* End XCConfigurationList section */
	};
	rootObject = 64E02630243D80DF0062AE15 /* Project object */;
}
